
Microsoft Visual Studio Solution File, Format Version 12.00
# Visual Studio Version 16
VisualStudioVersion = 16.0.30225.117
MinimumVisualStudioVersion = 10.0.40219.1
Project("{FAE04EC0-301F-11D3-BF4B-00C04F79EFBC}") = "VPNAutologin", "VPNAutologin\VPNAutologin.csproj", "{A45D6AB9-C3EE-4C54-A4AE-21B0EBCB22EF}"
EndProject
Global
	GlobalSection(SolutionConfigurationPlatforms) = preSolution
		Debug|Any CPU = Debug|Any CPU
		Release|Any CPU = Release|Any CPU
	EndGlobalSection
	GlobalSection(ProjectConfigurationPlatforms) = postSolution
		{A45D6AB9-C3EE-4C54-A4AE-21B0EBCB22EF}.Debug|Any CPU.ActiveCfg = Debug|Any CPU
		{A45D6AB9-C3EE-4C54-A4AE-21B0EBCB22EF}.Debug|Any CPU.Build.0 = Debug|Any CPU
		{A45D6AB9-C3EE-4C54-A4AE-21B0EBCB22EF}.Release|Any CPU.ActiveCfg = Release|Any CPU
		{A45D6AB9-C3EE-4C54-A4AE-21B0EBCB22EF}.Release|Any CPU.Build.0 = Release|Any CPU
	EndGlobalSection
	GlobalSection(SolutionProperties) = preSolution
		HideSolutionNode = FALSE
	EndGlobalSection
	GlobalSection(ExtensibilityGlobals) = postSolution
		SolutionGuid = {8DE0B88B-A021-4288-8ACF-F971C79255D7}
	EndGlobalSection
EndGlobal
